
Microsoft Visual Studio Solution File, Format Version 12.00
# Visual Studio Version 17
VisualStudioVersion = 17.10.35027.167
MinimumVisualStudioVersion = 10.0.40219.1
Project("{2150E333-8FDC-42A3-9474-1A3956D46DE8}") = "src", "src", "{A2562BDD-172C-441B-83D5-F6C12F8454C7}"
EndProject
Project("{2150E333-8FDC-42A3-9474-1A3956D46DE8}") = "tests", "tests", "{B47FE2DF-04A1-4FE6-9DE0-A3BA43D67AD1}"
EndProject
Project("{2150E333-8FDC-42A3-9474-1A3956D46DE8}") = "Shared", "Shared", "{DE5E9F1E-7532-481B-BC75-8337DB64EEAE}"
EndProject
Project("{2150E333-8FDC-42A3-9474-1A3956D46DE8}") = "Backend", "Backend", "{CDFDEA94-DCF9-42A5-A2A7-A4C816069450}"
EndProject
Project("{FAE04EC0-301F-11D3-BF4B-00C04F79EFBC}") = "EasyFinance.API", "src\Backend\EasyFinance.API\EasyFinance.API.csproj", "{7F9AFD2B-C1FD-41AB-AB14-9BE28176D34F}"
EndProject
Project("{FAE04EC0-301F-11D3-BF4B-00C04F79EFBC}") = "EasyFinance.Infraestructure", "src\Backend\EasyFinance.Infraestructure\EasyFinance.Infraestructure.csproj", "{A9EAE244-47A4-461A-8982-39FC226AD5F6}"
EndProject
Project("{FAE04EC0-301F-11D3-BF4B-00C04F79EFBC}") = "EasyFinance.Domain", "src\Backend\EasyFinance.Domain\EasyFinance.Domain.csproj", "{B575A556-C1D9-4D4D-A8E5-E1A6056808F2}"
EndProject
Project("{FAE04EC0-301F-11D3-BF4B-00C04F79EFBC}") = "EasyFinance.Application", "src\Backend\EasyFinance.Application\EasyFinance.Application.csproj", "{8E7E271A-11E4-486A-B9B8-0C23F80EF180}"
EndProject
Project("{FAE04EC0-301F-11D3-BF4B-00C04F79EFBC}") = "EasyFinance.Communication", "src\Shared\EasyFinance.Communication\EasyFinance.Communication.csproj", "{9EB6F518-2906-437A-8F02-0939C5C5CF70}"
EndProject
Project("{FAE04EC0-301F-11D3-BF4B-00C04F79EFBC}") = "EasyFinance.Exceptions", "src\Shared\EasyFinance.Exceptions\EasyFinance.Exceptions.csproj", "{ACCA1A7D-B318-4A67-8508-15AE2BE0484A}"
EndProject
Project("{FAE04EC0-301F-11D3-BF4B-00C04F79EFBC}") = "CommonTestUtilities", "tests\CommonTestUtilities\CommonTestUtilities.csproj", "{721C7867-2666-41FE-9517-5B6E332E08C3}"
EndProject
Project("{FAE04EC0-301F-11D3-BF4B-00C04F79EFBC}") = "UseCase.Test", "tests\UseCase.Test\UseCase.Test.csproj", "{0B9E4010-8B6B-40EB-A830-6E425304DA6E}"
EndProject
Project("{FAE04EC0-301F-11D3-BF4B-00C04F79EFBC}") = "Validator.Test", "tests\Validator.Test\Validator.Test.csproj", "{10030738-0E2A-4CDE-90C5-A1FD563F08D0}"
EndProject
Project("{FAE04EC0-301F-11D3-BF4B-00C04F79EFBC}") = "WebApi.Test", "tests\WebApi.Test\WebApi.Test.csproj", "{52096C37-835E-4713-BFD9-7D8F5591D4F4}"
EndProject
Global
	GlobalSection(SolutionConfigurationPlatforms) = preSolution
		Debug|Any CPU = Debug|Any CPU
		Release|Any CPU = Release|Any CPU
	EndGlobalSection
	GlobalSection(ProjectConfigurationPlatforms) = postSolution
		{7F9AFD2B-C1FD-41AB-AB14-9BE28176D34F}.Debug|Any CPU.ActiveCfg = Debug|Any CPU
		{7F9AFD2B-C1FD-41AB-AB14-9BE28176D34F}.Debug|Any CPU.Build.0 = Debug|Any CPU
		{7F9AFD2B-C1FD-41AB-AB14-9BE28176D34F}.Release|Any CPU.ActiveCfg = Release|Any CPU
		{7F9AFD2B-C1FD-41AB-AB14-9BE28176D34F}.Release|Any CPU.Build.0 = Release|Any CPU
		{A9EAE244-47A4-461A-8982-39FC226AD5F6}.Debug|Any CPU.ActiveCfg = Debug|Any CPU
		{A9EAE244-47A4-461A-8982-39FC226AD5F6}.Debug|Any CPU.Build.0 = Debug|Any CPU
		{A9EAE244-47A4-461A-8982-39FC226AD5F6}.Release|Any CPU.ActiveCfg = Release|Any CPU
		{A9EAE244-47A4-461A-8982-39FC226AD5F6}.Release|Any CPU.Build.0 = Release|Any CPU
		{B575A556-C1D9-4D4D-A8E5-E1A6056808F2}.Debug|Any CPU.ActiveCfg = Debug|Any CPU
		{B575A556-C1D9-4D4D-A8E5-E1A6056808F2}.Debug|Any CPU.Build.0 = Debug|Any CPU
		{B575A556-C1D9-4D4D-A8E5-E1A6056808F2}.Release|Any CPU.ActiveCfg = Release|Any CPU
		{B575A556-C1D9-4D4D-A8E5-E1A6056808F2}.Release|Any CPU.Build.0 = Release|Any CPU
		{8E7E271A-11E4-486A-B9B8-0C23F80EF180}.Debug|Any CPU.ActiveCfg = Debug|Any CPU
		{8E7E271A-11E4-486A-B9B8-0C23F80EF180}.Debug|Any CPU.Build.0 = Debug|Any CPU
		{8E7E271A-11E4-486A-B9B8-0C23F80EF180}.Release|Any CPU.ActiveCfg = Release|Any CPU
		{8E7E271A-11E4-486A-B9B8-0C23F80EF180}.Release|Any CPU.Build.0 = Release|Any CPU
		{9EB6F518-2906-437A-8F02-0939C5C5CF70}.Debug|Any CPU.ActiveCfg = Debug|Any CPU
		{9EB6F518-2906-437A-8F02-0939C5C5CF70}.Debug|Any CPU.Build.0 = Debug|Any CPU
		{9EB6F518-2906-437A-8F02-0939C5C5CF70}.Release|Any CPU.ActiveCfg = Release|Any CPU
		{9EB6F518-2906-437A-8F02-0939C5C5CF70}.Release|Any CPU.Build.0 = Release|Any CPU
		{ACCA1A7D-B318-4A67-8508-15AE2BE0484A}.Debug|Any CPU.ActiveCfg = Debug|Any CPU
		{ACCA1A7D-B318-4A67-8508-15AE2BE0484A}.Debug|Any CPU.Build.0 = Debug|Any CPU
		{ACCA1A7D-B318-4A67-8508-15AE2BE0484A}.Release|Any CPU.ActiveCfg = Release|Any CPU
		{ACCA1A7D-B318-4A67-8508-15AE2BE0484A}.Release|Any CPU.Build.0 = Release|Any CPU
		{721C7867-2666-41FE-9517-5B6E332E08C3}.Debug|Any CPU.ActiveCfg = Debug|Any CPU
		{721C7867-2666-41FE-9517-5B6E332E08C3}.Debug|Any CPU.Build.0 = Debug|Any CPU
		{721C7867-2666-41FE-9517-5B6E332E08C3}.Release|Any CPU.ActiveCfg = Release|Any CPU
		{721C7867-2666-41FE-9517-5B6E332E08C3}.Release|Any CPU.Build.0 = Release|Any CPU
		{0B9E4010-8B6B-40EB-A830-6E425304DA6E}.Debug|Any CPU.ActiveCfg = Debug|Any CPU
		{0B9E4010-8B6B-40EB-A830-6E425304DA6E}.Debug|Any CPU.Build.0 = Debug|Any CPU
		{0B9E4010-8B6B-40EB-A830-6E425304DA6E}.Release|Any CPU.ActiveCfg = Release|Any CPU
		{0B9E4010-8B6B-40EB-A830-6E425304DA6E}.Release|Any CPU.Build.0 = Release|Any CPU
		{10030738-0E2A-4CDE-90C5-A1FD563F08D0}.Debug|Any CPU.ActiveCfg = Debug|Any CPU
		{10030738-0E2A-4CDE-90C5-A1FD563F08D0}.Debug|Any CPU.Build.0 = Debug|Any CPU
		{10030738-0E2A-4CDE-90C5-A1FD563F08D0}.Release|Any CPU.ActiveCfg = Release|Any CPU
		{10030738-0E2A-4CDE-90C5-A1FD563F08D0}.Release|Any CPU.Build.0 = Release|Any CPU
		{52096C37-835E-4713-BFD9-7D8F5591D4F4}.Debug|Any CPU.ActiveCfg = Debug|Any CPU
		{52096C37-835E-4713-BFD9-7D8F5591D4F4}.Debug|Any CPU.Build.0 = Debug|Any CPU
		{52096C37-835E-4713-BFD9-7D8F5591D4F4}.Release|Any CPU.ActiveCfg = Release|Any CPU
		{52096C37-835E-4713-BFD9-7D8F5591D4F4}.Release|Any CPU.Build.0 = Release|Any CPU
	EndGlobalSection
	GlobalSection(SolutionProperties) = preSolution
		HideSolutionNode = FALSE
	EndGlobalSection
	GlobalSection(NestedProjects) = preSolution
		{DE5E9F1E-7532-481B-BC75-8337DB64EEAE} = {A2562BDD-172C-441B-83D5-F6C12F8454C7}
		{CDFDEA94-DCF9-42A5-A2A7-A4C816069450} = {A2562BDD-172C-441B-83D5-F6C12F8454C7}
		{7F9AFD2B-C1FD-41AB-AB14-9BE28176D34F} = {CDFDEA94-DCF9-42A5-A2A7-A4C816069450}
		{A9EAE244-47A4-461A-8982-39FC226AD5F6} = {CDFDEA94-DCF9-42A5-A2A7-A4C816069450}
		{B575A556-C1D9-4D4D-A8E5-E1A6056808F2} = {CDFDEA94-DCF9-42A5-A2A7-A4C816069450}
		{8E7E271A-11E4-486A-B9B8-0C23F80EF180} = {CDFDEA94-DCF9-42A5-A2A7-A4C816069450}
		{9EB6F518-2906-437A-8F02-0939C5C5CF70} = {DE5E9F1E-7532-481B-BC75-8337DB64EEAE}
		{ACCA1A7D-B318-4A67-8508-15AE2BE0484A} = {DE5E9F1E-7532-481B-BC75-8337DB64EEAE}
		{721C7867-2666-41FE-9517-5B6E332E08C3} = {B47FE2DF-04A1-4FE6-9DE0-A3BA43D67AD1}
		{0B9E4010-8B6B-40EB-A830-6E425304DA6E} = {B47FE2DF-04A1-4FE6-9DE0-A3BA43D67AD1}
		{10030738-0E2A-4CDE-90C5-A1FD563F08D0} = {B47FE2DF-04A1-4FE6-9DE0-A3BA43D67AD1}
		{52096C37-835E-4713-BFD9-7D8F5591D4F4} = {B47FE2DF-04A1-4FE6-9DE0-A3BA43D67AD1}
	EndGlobalSection
	GlobalSection(ExtensibilityGlobals) = postSolution
		SolutionGuid = {2ED7F3DC-7BF8-4C34-BD65-180E37CB48C0}
	EndGlobalSection
EndGlobal
